<?xml version="1.0" encoding="utf-8"?>
<Project ToolsVersion="4.0" xmlns="http://schemas.microsoft.com/developer/msbuild/2003">
  <ItemGroup>
    <ClCompile Include="Source\Component.cpp">
      <Filter>Source Files\Components</Filter>
    </ClCompile>
    <ClCompile Include="Source\ComponentManager.cpp">
      <Filter>Source Files\Components</Filter>
    </ClCompile>
    <ClCompile Include="Source\PhysicsComponent.cpp">
      <Filter>Source Files\Components</Filter>
    </ClCompile>
    <ClCompile Include="Source\PositionComponent.cpp">
      <Filter>Source Files\Components</Filter>
    </ClCompile>
    <ClCompile Include="Source\SteeringComponent.cpp">
      <Filter>Source Files\Components</Filter>
    </ClCompile>
    <ClCompile Include="Source\GameMessage.cpp">
      <Filter>Source Files\Messaging</Filter>
    </ClCompile>
    <ClCompile Include="Source\GameMessageManager.cpp">
      <Filter>Source Files\Messaging</Filter>
    </ClCompile>
    <ClCompile Include="Source\PlayerMoveToMessage.cpp">
      <Filter>Source Files\Messaging</Filter>
    </ClCompile>
    <ClCompile Include="Source\SeekSteering.cpp">
      <Filter>Source Files\Steering</Filter>
    </ClCompile>
    <ClCompile Include="Source\Steering.cpp">
      <Filter>Source Files\Steering</Filter>
    </ClCompile>
    <ClCompile Include="Source\Unit.cpp">
      <Filter>Source Files\Units</Filter>
    </ClCompile>
    <ClCompile Include="Source\UnitManager.cpp">
      <Filter>Source Files\Units</Filter>
    </ClCompile>
    <ClCompile Include="Source\Game.cpp">
      <Filter>Source Files\Util</Filter>
    </ClCompile>
    <ClCompile Include="Source\main.cpp">
      <Filter>Source Files\Util</Filter>
    </ClCompile>
    <ClCompile Include="Source\Color.cpp">
      <Filter>Source Files\Graphics</Filter>
    </ClCompile>
    <ClCompile Include="Source\Font.cpp">
      <Filter>Source Files\Graphics</Filter>
    </ClCompile>
    <ClCompile Include="Source\GraphicsBuffer.cpp">
      <Filter>Source Files\Graphics</Filter>
    </ClCompile>
    <ClCompile Include="Source\GraphicsBufferManager.cpp">
      <Filter>Source Files\Graphics</Filter>
    </ClCompile>
    <ClCompile Include="Source\GraphicsSystem.cpp">
      <Filter>Source Files\Graphics</Filter>
    </ClCompile>
    <ClCompile Include="Source\Renderer.cpp">
      <Filter>Source Files\Graphics</Filter>
    </ClCompile>
    <ClCompile Include="Source\Sprite.cpp">
      <Filter>Source Files\Graphics</Filter>
    </ClCompile>
    <ClCompile Include="Source\SpriteManager.cpp">
      <Filter>Source Files\Graphics</Filter>
    </ClCompile>
    <ClCompile Include="Source\ArriveSteering.cpp">
      <Filter>Source Files\Steering</Filter>
    </ClCompile>
    <ClCompile Include="Source\InputManager.cpp">
      <Filter>Source Files\Messaging</Filter>
    </ClCompile>
    <ClCompile Include="Source\EndGameMessage.cpp">
      <Filter>Source Files\Messaging</Filter>
    </ClCompile>
    <ClCompile Include="Source\Trajectory.cpp">
      <Filter>Source Files\Steering</Filter>
    </ClCompile>
  </ItemGroup>
  <ItemGroup>
    <ClInclude Include="Headers\ArriveSteering.h">
      <Filter>Header Files\Steering</Filter>
    </ClInclude>
    <ClInclude Include="Headers\SeekSteering.h">
      <Filter>Header Files\Steering</Filter>
    </ClInclude>
    <ClInclude Include="Headers\Steering.h">
      <Filter>Header Files\Steering</Filter>
    </ClInclude>
    <ClInclude Include="Headers\Component.h">
      <Filter>Header Files\Components</Filter>
    </ClInclude>
    <ClInclude Include="Headers\ComponentManager.h">
      <Filter>Header Files\Components</Filter>
    </ClInclude>
    <ClInclude Include="Headers\PhysicsComponent.h">
      <Filter>Header Files\Components</Filter>
    </ClInclude>
    <ClInclude Include="Headers\PositionComponent.h">
      <Filter>Header Files\Components</Filter>
    </ClInclude>
    <ClInclude Include="Headers\SteeringComponent.h">
      <Filter>Header Files\Components</Filter>
    </ClInclude>
    <ClInclude Include="Headers\InputManager.h">
      <Filter>Header Files\Messaging</Filter>
    </ClInclude>
    <ClInclude Include="Headers\EndGameMessage.h">
      <Filter>Header Files\Messaging</Filter>
    </ClInclude>
    <ClInclude Include="Headers\GameMessage.h">
      <Filter>Header Files\Messaging</Filter>
    </ClInclude>
    <ClInclude Include="Headers\GameMessageManager.h">
      <Filter>Header Files\Messaging</Filter>
    </ClInclude>
    <ClInclude Include="Headers\PlayerMoveToMessage.h">
      <Filter>Header Files\Messaging</Filter>
    </ClInclude>
    <ClInclude Include="Headers\Color.h">
      <Filter>Header Files\Graphics</Filter>
    </ClInclude>
    <ClInclude Include="Headers\Font.h">
      <Filter>Header Files\Graphics</Filter>
    </ClInclude>
    <ClInclude Include="Headers\GraphicsBuffer.h">
      <Filter>Header Files\Graphics</Filter>
    </ClInclude>
    <ClInclude Include="Headers\GraphicsBufferManager.h">
      <Filter>Header Files\Graphics</Filter>
    </ClInclude>
    <ClInclude Include="Headers\GraphicsSystem.h">
      <Filter>Header Files\Graphics</Filter>
    </ClInclude>
    <ClInclude Include="Headers\Renderer.h">
      <Filter>Header Files\Graphics</Filter>
    </ClInclude>
    <ClInclude Include="Headers\Sprite.h">
      <Filter>Header Files\Graphics</Filter>
    </ClInclude>
    <ClInclude Include="Headers\SpriteManager.h">
      <Filter>Header Files\Graphics</Filter>
    </ClInclude>
    <ClInclude Include="Headers\Defines.h">
      <Filter>Header Files\Util</Filter>
    </ClInclude>
    <ClInclude Include="Headers\Game.h">
      <Filter>Header Files\Util</Filter>
    </ClInclude>
    <ClInclude Include="Headers\Unit.h">
      <Filter>Header Files\Units</Filter>
    </ClInclude>
    <ClInclude Include="Headers\UnitManager.h">
      <Filter>Header Files\Units</Filter>
    </ClInclude>
    <ClInclude Include="Headers\Trajectory.h">
      <Filter>Header Files\Steering</Filter>
    </ClInclude>
  </ItemGroup>
  <ItemGroup>
    <Filter Include="Header Files">
      <UniqueIdentifier>{58071a7d-cbb0-4abd-9790-6b2e658844e3}</UniqueIdentifier>
    </Filter>
    <Filter Include="Source Files">
      <UniqueIdentifier>{30ffa034-0511-4b02-96bb-ac319241f08f}</UniqueIdentifier>
    </Filter>
    <Filter Include="Header Files\Graphics">
      <UniqueIdentifier>{a86be52d-b1f6-4f9f-a9e2-5f1081efbd57}</UniqueIdentifier>
    </Filter>
    <Filter Include="Header Files\Units">
      <UniqueIdentifier>{26445efa-7c39-4c21-90ae-870498e58f16}</UniqueIdentifier>
    </Filter>
    <Filter Include="Header Files\Steering">
      <UniqueIdentifier>{72ced478-f532-407f-b1dd-b86e7a70d554}</UniqueIdentifier>
    </Filter>
    <Filter Include="Header Files\Messaging">
      <UniqueIdentifier>{10a6d440-6024-40e5-85be-fa43cefafc34}</UniqueIdentifier>
    </Filter>
    <Filter Include="Header Files\Util">
      <UniqueIdentifier>{f1f8b550-13c6-4421-8c34-2355daeda283}</UniqueIdentifier>
    </Filter>
    <Filter Include="Source Files\Graphics">
      <UniqueIdentifier>{d9580c2a-964f-46dd-87dd-a4da057d3768}</UniqueIdentifier>
    </Filter>
    <Filter Include="Source Files\Messaging">
      <UniqueIdentifier>{db5bf32e-639d-4ac3-8ada-24db94aa84d2}</UniqueIdentifier>
    </Filter>
    <Filter Include="Source Files\Util">
      <UniqueIdentifier>{23437882-c747-469d-ab3a-9f6b940a3517}</UniqueIdentifier>
    </Filter>
    <Filter Include="Source Files\Steering">
      <UniqueIdentifier>{f05039fa-fecc-4595-b12b-a5ec331714d4}</UniqueIdentifier>
    </Filter>
    <Filter Include="Source Files\Units">
      <UniqueIdentifier>{820b8d07-ae99-4b13-b15d-e6e6c1e3fbbc}</UniqueIdentifier>
    </Filter>
    <Filter Include="Source Files\Components">
      <UniqueIdentifier>{ecc16c2f-c10d-4dd3-8249-bfbd93945fb8}</UniqueIdentifier>
    </Filter>
    <Filter Include="Header Files\Components">
      <UniqueIdentifier>{3c9b3ca9-ee14-4c27-8903-1ed3fce18cb3}</UniqueIdentifier>
    </Filter>
  </ItemGroup>
</Project>